
Microsoft Visual Studio Solution File, Format Version 12.00
# Visual Studio Version 17
VisualStudioVersion = 17.9.34622.214
MinimumVisualStudioVersion = 10.0.40219.1
Project("{FAE04EC0-301F-11D3-BF4B-00C04F79EFBC}") = "CommunicationArduino", "CommunicationArduino\CommunicationArduino.csproj", "{84196514-94A9-4090-8571-01BB3B994F05}"
EndProject
Global
	GlobalSection(SolutionConfigurationPlatforms) = preSolution
		Debug|Any CPU = Debug|Any CPU
		Release|Any CPU = Release|Any CPU
	EndGlobalSection
	GlobalSection(ProjectConfigurationPlatforms) = postSolution
		{84196514-94A9-4090-8571-01BB3B994F05}.Debug|Any CPU.ActiveCfg = Debug|Any CPU
		{84196514-94A9-4090-8571-01BB3B994F05}.Debug|Any CPU.Build.0 = Debug|Any CPU
		{84196514-94A9-4090-8571-01BB3B994F05}.Release|Any CPU.ActiveCfg = Release|Any CPU
		{84196514-94A9-4090-8571-01BB3B994F05}.Release|Any CPU.Build.0 = Release|Any CPU
	EndGlobalSection
	GlobalSection(SolutionProperties) = preSolution
		HideSolutionNode = FALSE
	EndGlobalSection
	GlobalSection(ExtensibilityGlobals) = postSolution
		SolutionGuid = {10CE6B5C-5856-4D71-A447-D8124F133EDC}
	EndGlobalSection
EndGlobal
